
Microsoft Visual Studio Solution File, Format Version 12.00
# Visual Studio Version 17
VisualStudioVersion = 17.14.36717.8
MinimumVisualStudioVersion = 10.0.40219.1
Project("{2150E333-8FDC-42A3-9474-1A3956D46DE8}") = "App", "App", "{02EA681E-C7D8-13C7-8484-4AC65E1B71E8}"
EndProject
Project("{2150E333-8FDC-42A3-9474-1A3956D46DE8}") = "Test", "Test", "{9177D4A6-AA34-42D8-A607-0C2167A8A6B9}"
EndProject
Project("{2150E333-8FDC-42A3-9474-1A3956D46DE8}") = "Src", "Src", "{440A68A4-36CD-4E1D-A0DD-98F8F035456E}"
EndProject
Project("{2150E333-8FDC-42A3-9474-1A3956D46DE8}") = "_Solution items", "_Solution items", "{E8477CD1-6428-4692-ABFD-7F8BDFE80FC1}"
EndProject
Project("{FAE04EC0-301F-11D3-BF4B-00C04F79EFBC}") = "WebServer.Application", "Src\WebServer.Application\WebServer.Application.csproj", "{7819F696-9456-43CE-91F3-33A6ADC568AD}"
EndProject
Project("{FAE04EC0-301F-11D3-BF4B-00C04F79EFBC}") = "WebServer.Infrastructure", "Src\WebServer.Infrastructure\WebServer.Infrastructure.csproj", "{DBE9EC9B-C11C-4ADF-AB3D-8B41362680ED}"
EndProject
Project("{FAE04EC0-301F-11D3-BF4B-00C04F79EFBC}") = "WebServer.Domain", "Src\WebServer.Domain\WebServer.Domain.csproj", "{8D940A4D-E053-44F4-8AEA-879FC2D4A232}"
EndProject
Project("{FAE04EC0-301F-11D3-BF4B-00C04F79EFBC}") = "WebServer.Persistence", "Src\WebServer.Persistence\WebServer.Persistence.csproj", "{7239C871-B1F6-405B-B08C-BAEC6F6A46B5}"
EndProject
Project("{FAE04EC0-301F-11D3-BF4B-00C04F79EFBC}") = "WebServer.Service", "App\WebServer.Service\WebServer.Service.csproj", "{BD1B9163-D933-AF90-564C-647A21BCA2CC}"
EndProject
Project("{FAE04EC0-301F-11D3-BF4B-00C04F79EFBC}") = "WebServer.Application.Tests", "Test\WebServer.Application.Tests\WebServer.Application.Tests.csproj", "{EE48CB95-F42C-40EB-9E0C-701DD47F9067}"
EndProject
Project("{FAE04EC0-301F-11D3-BF4B-00C04F79EFBC}") = "WebServer.Api", "Src\WebServer.Api\WebServer.Api.csproj", "{037E95AE-FFE2-4449-B04C-B0664C0D1DAA}"
EndProject
Global
	GlobalSection(SolutionConfigurationPlatforms) = preSolution
		Debug|Any CPU = Debug|Any CPU
		Debug|x64 = Debug|x64
		Debug|x86 = Debug|x86
		Release|Any CPU = Release|Any CPU
		Release|x64 = Release|x64
		Release|x86 = Release|x86
	EndGlobalSection
	GlobalSection(ProjectConfigurationPlatforms) = postSolution
		{7819F696-9456-43CE-91F3-33A6ADC568AD}.Debug|Any CPU.ActiveCfg = Debug|Any CPU
		{7819F696-9456-43CE-91F3-33A6ADC568AD}.Debug|Any CPU.Build.0 = Debug|Any CPU
		{7819F696-9456-43CE-91F3-33A6ADC568AD}.Debug|x64.ActiveCfg = Debug|Any CPU
		{7819F696-9456-43CE-91F3-33A6ADC568AD}.Debug|x64.Build.0 = Debug|Any CPU
		{7819F696-9456-43CE-91F3-33A6ADC568AD}.Debug|x86.ActiveCfg = Debug|Any CPU
		{7819F696-9456-43CE-91F3-33A6ADC568AD}.Debug|x86.Build.0 = Debug|Any CPU
		{7819F696-9456-43CE-91F3-33A6ADC568AD}.Release|Any CPU.ActiveCfg = Release|Any CPU
		{7819F696-9456-43CE-91F3-33A6ADC568AD}.Release|Any CPU.Build.0 = Release|Any CPU
		{7819F696-9456-43CE-91F3-33A6ADC568AD}.Release|x64.ActiveCfg = Release|Any CPU
		{7819F696-9456-43CE-91F3-33A6ADC568AD}.Release|x64.Build.0 = Release|Any CPU
		{7819F696-9456-43CE-91F3-33A6ADC568AD}.Release|x86.ActiveCfg = Release|Any CPU
		{7819F696-9456-43CE-91F3-33A6ADC568AD}.Release|x86.Build.0 = Release|Any CPU
		{DBE9EC9B-C11C-4ADF-AB3D-8B41362680ED}.Debug|Any CPU.ActiveCfg = Debug|Any CPU
		{DBE9EC9B-C11C-4ADF-AB3D-8B41362680ED}.Debug|Any CPU.Build.0 = Debug|Any CPU
		{DBE9EC9B-C11C-4ADF-AB3D-8B41362680ED}.Debug|x64.ActiveCfg = Debug|Any CPU
		{DBE9EC9B-C11C-4ADF-AB3D-8B41362680ED}.Debug|x64.Build.0 = Debug|Any CPU
		{DBE9EC9B-C11C-4ADF-AB3D-8B41362680ED}.Debug|x86.ActiveCfg = Debug|Any CPU
		{DBE9EC9B-C11C-4ADF-AB3D-8B41362680ED}.Debug|x86.Build.0 = Debug|Any CPU
		{DBE9EC9B-C11C-4ADF-AB3D-8B41362680ED}.Release|Any CPU.ActiveCfg = Release|Any CPU
		{DBE9EC9B-C11C-4ADF-AB3D-8B41362680ED}.Release|Any CPU.Build.0 = Release|Any CPU
		{DBE9EC9B-C11C-4ADF-AB3D-8B41362680ED}.Release|x64.ActiveCfg = Release|Any CPU
		{DBE9EC9B-C11C-4ADF-AB3D-8B41362680ED}.Release|x64.Build.0 = Release|Any CPU
		{DBE9EC9B-C11C-4ADF-AB3D-8B41362680ED}.Release|x86.ActiveCfg = Release|Any CPU
		{DBE9EC9B-C11C-4ADF-AB3D-8B41362680ED}.Release|x86.Build.0 = Release|Any CPU
		{8D940A4D-E053-44F4-8AEA-879FC2D4A232}.Debug|Any CPU.ActiveCfg = Debug|Any CPU
		{8D940A4D-E053-44F4-8AEA-879FC2D4A232}.Debug|Any CPU.Build.0 = Debug|Any CPU
		{8D940A4D-E053-44F4-8AEA-879FC2D4A232}.Debug|x64.ActiveCfg = Debug|Any CPU
		{8D940A4D-E053-44F4-8AEA-879FC2D4A232}.Debug|x64.Build.0 = Debug|Any CPU
		{8D940A4D-E053-44F4-8AEA-879FC2D4A232}.Debug|x86.ActiveCfg = Debug|Any CPU
		{8D940A4D-E053-44F4-8AEA-879FC2D4A232}.Debug|x86.Build.0 = Debug|Any CPU
		{8D940A4D-E053-44F4-8AEA-879FC2D4A232}.Release|Any CPU.ActiveCfg = Release|Any CPU
		{8D940A4D-E053-44F4-8AEA-879FC2D4A232}.Release|Any CPU.Build.0 = Release|Any CPU
		{8D940A4D-E053-44F4-8AEA-879FC2D4A232}.Release|x64.ActiveCfg = Release|Any CPU
		{8D940A4D-E053-44F4-8AEA-879FC2D4A232}.Release|x64.Build.0 = Release|Any CPU
		{8D940A4D-E053-44F4-8AEA-879FC2D4A232}.Release|x86.ActiveCfg = Release|Any CPU
		{8D940A4D-E053-44F4-8AEA-879FC2D4A232}.Release|x86.Build.0 = Release|Any CPU
		{7239C871-B1F6-405B-B08C-BAEC6F6A46B5}.Debug|Any CPU.ActiveCfg = Debug|Any CPU
		{7239C871-B1F6-405B-B08C-BAEC6F6A46B5}.Debug|Any CPU.Build.0 = Debug|Any CPU
		{7239C871-B1F6-405B-B08C-BAEC6F6A46B5}.Debug|x64.ActiveCfg = Debug|Any CPU
		{7239C871-B1F6-405B-B08C-BAEC6F6A46B5}.Debug|x64.Build.0 = Debug|Any CPU
		{7239C871-B1F6-405B-B08C-BAEC6F6A46B5}.Debug|x86.ActiveCfg = Debug|Any CPU
		{7239C871-B1F6-405B-B08C-BAEC6F6A46B5}.Debug|x86.Build.0 = Debug|Any CPU
		{7239C871-B1F6-405B-B08C-BAEC6F6A46B5}.Release|Any CPU.ActiveCfg = Release|Any CPU
		{7239C871-B1F6-405B-B08C-BAEC6F6A46B5}.Release|Any CPU.Build.0 = Release|Any CPU
		{7239C871-B1F6-405B-B08C-BAEC6F6A46B5}.Release|x64.ActiveCfg = Release|Any CPU
		{7239C871-B1F6-405B-B08C-BAEC6F6A46B5}.Release|x64.Build.0 = Release|Any CPU
		{7239C871-B1F6-405B-B08C-BAEC6F6A46B5}.Release|x86.ActiveCfg = Release|Any CPU
		{7239C871-B1F6-405B-B08C-BAEC6F6A46B5}.Release|x86.Build.0 = Release|Any CPU
		{BD1B9163-D933-AF90-564C-647A21BCA2CC}.Debug|Any CPU.ActiveCfg = Debug|Any CPU
		{BD1B9163-D933-AF90-564C-647A21BCA2CC}.Debug|Any CPU.Build.0 = Debug|Any CPU
		{BD1B9163-D933-AF90-564C-647A21BCA2CC}.Debug|x64.ActiveCfg = Debug|Any CPU
		{BD1B9163-D933-AF90-564C-647A21BCA2CC}.Debug|x64.Build.0 = Debug|Any CPU
		{BD1B9163-D933-AF90-564C-647A21BCA2CC}.Debug|x86.ActiveCfg = Debug|Any CPU
		{BD1B9163-D933-AF90-564C-647A21BCA2CC}.Debug|x86.Build.0 = Debug|Any CPU
		{BD1B9163-D933-AF90-564C-647A21BCA2CC}.Release|Any CPU.ActiveCfg = Release|Any CPU
		{BD1B9163-D933-AF90-564C-647A21BCA2CC}.Release|Any CPU.Build.0 = Release|Any CPU
		{BD1B9163-D933-AF90-564C-647A21BCA2CC}.Release|x64.ActiveCfg = Release|Any CPU
		{BD1B9163-D933-AF90-564C-647A21BCA2CC}.Release|x64.Build.0 = Release|Any CPU
		{BD1B9163-D933-AF90-564C-647A21BCA2CC}.Release|x86.ActiveCfg = Release|Any CPU
		{BD1B9163-D933-AF90-564C-647A21BCA2CC}.Release|x86.Build.0 = Release|Any CPU
		{EE48CB95-F42C-40EB-9E0C-701DD47F9067}.Debug|Any CPU.ActiveCfg = Debug|Any CPU
		{EE48CB95-F42C-40EB-9E0C-701DD47F9067}.Debug|Any CPU.Build.0 = Debug|Any CPU
		{EE48CB95-F42C-40EB-9E0C-701DD47F9067}.Debug|x64.ActiveCfg = Debug|Any CPU
		{EE48CB95-F42C-40EB-9E0C-701DD47F9067}.Debug|x64.Build.0 = Debug|Any CPU
		{EE48CB95-F42C-40EB-9E0C-701DD47F9067}.Debug|x86.ActiveCfg = Debug|Any CPU
		{EE48CB95-F42C-40EB-9E0C-701DD47F9067}.Debug|x86.Build.0 = Debug|Any CPU
		{EE48CB95-F42C-40EB-9E0C-701DD47F9067}.Release|Any CPU.ActiveCfg = Release|Any CPU
		{EE48CB95-F42C-40EB-9E0C-701DD47F9067}.Release|Any CPU.Build.0 = Release|Any CPU
		{EE48CB95-F42C-40EB-9E0C-701DD47F9067}.Release|x64.ActiveCfg = Release|Any CPU
		{EE48CB95-F42C-40EB-9E0C-701DD47F9067}.Release|x64.Build.0 = Release|Any CPU
		{EE48CB95-F42C-40EB-9E0C-701DD47F9067}.Release|x86.ActiveCfg = Release|Any CPU
		{EE48CB95-F42C-40EB-9E0C-701DD47F9067}.Release|x86.Build.0 = Release|Any CPU
		{037E95AE-FFE2-4449-B04C-B0664C0D1DAA}.Debug|Any CPU.ActiveCfg = Debug|Any CPU
		{037E95AE-FFE2-4449-B04C-B0664C0D1DAA}.Debug|Any CPU.Build.0 = Debug|Any CPU
		{037E95AE-FFE2-4449-B04C-B0664C0D1DAA}.Debug|x64.ActiveCfg = Debug|Any CPU
		{037E95AE-FFE2-4449-B04C-B0664C0D1DAA}.Debug|x64.Build.0 = Debug|Any CPU
		{037E95AE-FFE2-4449-B04C-B0664C0D1DAA}.Debug|x86.ActiveCfg = Debug|Any CPU
		{037E95AE-FFE2-4449-B04C-B0664C0D1DAA}.Debug|x86.Build.0 = Debug|Any CPU
		{037E95AE-FFE2-4449-B04C-B0664C0D1DAA}.Release|Any CPU.ActiveCfg = Release|Any CPU
		{037E95AE-FFE2-4449-B04C-B0664C0D1DAA}.Release|Any CPU.Build.0 = Release|Any CPU
		{037E95AE-FFE2-4449-B04C-B0664C0D1DAA}.Release|x64.ActiveCfg = Release|Any CPU
		{037E95AE-FFE2-4449-B04C-B0664C0D1DAA}.Release|x64.Build.0 = Release|Any CPU
		{037E95AE-FFE2-4449-B04C-B0664C0D1DAA}.Release|x86.ActiveCfg = Release|Any CPU
		{037E95AE-FFE2-4449-B04C-B0664C0D1DAA}.Release|x86.Build.0 = Release|Any CPU
	EndGlobalSection
	GlobalSection(SolutionProperties) = preSolution
		HideSolutionNode = FALSE
	EndGlobalSection
	GlobalSection(NestedProjects) = preSolution
		{7819F696-9456-43CE-91F3-33A6ADC568AD} = {440A68A4-36CD-4E1D-A0DD-98F8F035456E}
		{DBE9EC9B-C11C-4ADF-AB3D-8B41362680ED} = {440A68A4-36CD-4E1D-A0DD-98F8F035456E}
		{8D940A4D-E053-44F4-8AEA-879FC2D4A232} = {440A68A4-36CD-4E1D-A0DD-98F8F035456E}
		{7239C871-B1F6-405B-B08C-BAEC6F6A46B5} = {440A68A4-36CD-4E1D-A0DD-98F8F035456E}
		{BD1B9163-D933-AF90-564C-647A21BCA2CC} = {02EA681E-C7D8-13C7-8484-4AC65E1B71E8}
		{EE48CB95-F42C-40EB-9E0C-701DD47F9067} = {9177D4A6-AA34-42D8-A607-0C2167A8A6B9}
		{037E95AE-FFE2-4449-B04C-B0664C0D1DAA} = {440A68A4-36CD-4E1D-A0DD-98F8F035456E}
	EndGlobalSection
	GlobalSection(ExtensibilityGlobals) = postSolution
		SolutionGuid = {45094219-4F2B-4780-A7C9-5AF47C00B3FB}
	EndGlobalSection
EndGlobal
